
Microsoft Visual Studio Solution File, Format Version 12.00
# Visual Studio 15
Project("{2150E333-8FDC-42A3-9474-1A3956D46DE8}") = "src", "src", "{6DBFCB00-6F34-432B-9FA4-196DFF7CEEE9}"
EndProject
Project("{FAE04EC0-301F-11D3-BF4B-00C04F79EFBC}") = "Counsel.iOS", "src\Counsel.iOS\Counsel.iOS.csproj", "{39D01B60-48EC-49F9-9EA6-2AD16ACDC256}"
EndProject
Project("{FAE04EC0-301F-11D3-BF4B-00C04F79EFBC}") = "Counsel.Core", "src\Counsel.Core\Counsel.Core.csproj", "{D66A6937-2862-4EF7-ACAA-6111E87766E6}"
EndProject
Global
	GlobalSection(SolutionConfigurationPlatforms) = preSolution
		Debug|iPhoneSimulator = Debug|iPhoneSimulator
		Release|iPhoneSimulator = Release|iPhoneSimulator
		Debug|iPhone = Debug|iPhone
		Release|iPhone = Release|iPhone
	EndGlobalSection
	GlobalSection(ProjectConfigurationPlatforms) = postSolution
		{39D01B60-48EC-49F9-9EA6-2AD16ACDC256}.Debug|iPhoneSimulator.ActiveCfg = Debug|iPhoneSimulator
		{39D01B60-48EC-49F9-9EA6-2AD16ACDC256}.Debug|iPhoneSimulator.Build.0 = Debug|iPhoneSimulator
		{39D01B60-48EC-49F9-9EA6-2AD16ACDC256}.Release|iPhoneSimulator.ActiveCfg = Release|iPhoneSimulator
		{39D01B60-48EC-49F9-9EA6-2AD16ACDC256}.Release|iPhoneSimulator.Build.0 = Release|iPhoneSimulator
		{39D01B60-48EC-49F9-9EA6-2AD16ACDC256}.Debug|iPhone.ActiveCfg = Debug|iPhone
		{39D01B60-48EC-49F9-9EA6-2AD16ACDC256}.Debug|iPhone.Build.0 = Debug|iPhone
		{39D01B60-48EC-49F9-9EA6-2AD16ACDC256}.Release|iPhone.ActiveCfg = Release|iPhone
		{39D01B60-48EC-49F9-9EA6-2AD16ACDC256}.Release|iPhone.Build.0 = Release|iPhone
		{D66A6937-2862-4EF7-ACAA-6111E87766E6}.Debug|iPhoneSimulator.ActiveCfg = Debug|Any CPU
		{D66A6937-2862-4EF7-ACAA-6111E87766E6}.Debug|iPhoneSimulator.Build.0 = Debug|Any CPU
		{D66A6937-2862-4EF7-ACAA-6111E87766E6}.Release|iPhoneSimulator.ActiveCfg = Release|Any CPU
		{D66A6937-2862-4EF7-ACAA-6111E87766E6}.Release|iPhoneSimulator.Build.0 = Release|Any CPU
		{D66A6937-2862-4EF7-ACAA-6111E87766E6}.Debug|iPhone.ActiveCfg = Debug|Any CPU
		{D66A6937-2862-4EF7-ACAA-6111E87766E6}.Debug|iPhone.Build.0 = Debug|Any CPU
		{D66A6937-2862-4EF7-ACAA-6111E87766E6}.Release|iPhone.ActiveCfg = Release|Any CPU
		{D66A6937-2862-4EF7-ACAA-6111E87766E6}.Release|iPhone.Build.0 = Release|Any CPU
	EndGlobalSection
	GlobalSection(NestedProjects) = preSolution
		{39D01B60-48EC-49F9-9EA6-2AD16ACDC256} = {6DBFCB00-6F34-432B-9FA4-196DFF7CEEE9}
		{D66A6937-2862-4EF7-ACAA-6111E87766E6} = {6DBFCB00-6F34-432B-9FA4-196DFF7CEEE9}
	EndGlobalSection
EndGlobal
