// !$*UTF8*$!
{
	archiveVersion = 1;
	classes = {
	};
	objectVersion = 50;
	objects = {

/* Begin PBXBuildFile section */
		59072E8922ACB374006C8B8B /* AppDelegate.swift in Sources */ = {isa = PBXBuildFile; fileRef = 59072E8822ACB374006C8B8B /* AppDelegate.swift */; };
		59072E8E22ACB374006C8B8B /* Main.storyboard in Resources */ = {isa = PBXBuildFile; fileRef = 59072E8C22ACB374006C8B8B /* Main.storyboard */; };
		59072E9122ACB374006C8B8B /* Counsel.xcdatamodeld in Sources */ = {isa = PBXBuildFile; fileRef = 59072E8F22ACB374006C8B8B /* Counsel.xcdatamodeld */; };
		59072E9322ACB376006C8B8B /* Assets.xcassets in Resources */ = {isa = PBXBuildFile; fileRef = 59072E9222ACB376006C8B8B /* Assets.xcassets */; };
		59072E9622ACB376006C8B8B /* LaunchScreen.storyboard in Resources */ = {isa = PBXBuildFile; fileRef = 59072E9422ACB376006C8B8B /* LaunchScreen.storyboard */; };
		59072E9F22ACB54A006C8B8B /* FantasyClient.swift in Sources */ = {isa = PBXBuildFile; fileRef = 59072E9E22ACB54A006C8B8B /* FantasyClient.swift */; };
		59072EA122ACB57C006C8B8B /* AdvancedResults.swift in Sources */ = {isa = PBXBuildFile; fileRef = 59072EA022ACB57C006C8B8B /* AdvancedResults.swift */; };
		59072EA322ACB631006C8B8B /* AdvancedPlayerResult.swift in Sources */ = {isa = PBXBuildFile; fileRef = 59072EA222ACB631006C8B8B /* AdvancedPlayerResult.swift */; };
		59072EA922ACB991006C8B8B /* DeserializationError.swift in Sources */ = {isa = PBXBuildFile; fileRef = 59072EA822ACB991006C8B8B /* DeserializationError.swift */; };
		59072EAB22ACCDE1006C8B8B /* FantasyClientError.swift in Sources */ = {isa = PBXBuildFile; fileRef = 59072EAA22ACCDE1006C8B8B /* FantasyClientError.swift */; };
		5931944E22ADAFDB008138CB /* Position.swift in Sources */ = {isa = PBXBuildFile; fileRef = 5931944D22ADAFDB008138CB /* Position.swift */; };
		5931945022ADB6B0008138CB /* AdvancedPlayerStatistics.swift in Sources */ = {isa = PBXBuildFile; fileRef = 5931944F22ADB6B0008138CB /* AdvancedPlayerStatistics.swift */; };
		5931945322ADC7FF008138CB /* FantasyService.swift in Sources */ = {isa = PBXBuildFile; fileRef = 5931945222ADC7FF008138CB /* FantasyService.swift */; };
		5931945522B0B78B008138CB /* FantasyPlayer.swift in Sources */ = {isa = PBXBuildFile; fileRef = 5931945422B0B78B008138CB /* FantasyPlayer.swift */; };
		5931945922B0BE11008138CB /* FantasyServiceDelegate.swift in Sources */ = {isa = PBXBuildFile; fileRef = 5931945822B0BE11008138CB /* FantasyServiceDelegate.swift */; };
		5931945C22B0C368008138CB /* PlayerListViewController.swift in Sources */ = {isa = PBXBuildFile; fileRef = 5931945B22B0C368008138CB /* PlayerListViewController.swift */; };
		59441DB922B34D2600A3C3C1 /* String+Extensions.swift in Sources */ = {isa = PBXBuildFile; fileRef = 59441DB822B34D2600A3C3C1 /* String+Extensions.swift */; };
		59441DBB22B350C200A3C3C1 /* PlayerDetailViewController.swift in Sources */ = {isa = PBXBuildFile; fileRef = 59441DBA22B350C200A3C3C1 /* PlayerDetailViewController.swift */; };
/* End PBXBuildFile section */

/* Begin PBXFileReference section */
		59072E8522ACB374006C8B8B /* Counsel.app */ = {isa = PBXFileReference; explicitFileType = wrapper.application; includeInIndex = 0; path = Counsel.app; sourceTree = BUILT_PRODUCTS_DIR; };
		59072E8822ACB374006C8B8B /* AppDelegate.swift */ = {isa = PBXFileReference; lastKnownFileType = sourcecode.swift; path = AppDelegate.swift; sourceTree = "<group>"; };
		59072E8D22ACB374006C8B8B /* Base */ = {isa = PBXFileReference; lastKnownFileType = file.storyboard; name = Base; path = Base.lproj/Main.storyboard; sourceTree = "<group>"; };
		59072E9022ACB374006C8B8B /* Counsel.xcdatamodel */ = {isa = PBXFileReference; lastKnownFileType = wrapper.xcdatamodel; path = Counsel.xcdatamodel; sourceTree = "<group>"; };
		59072E9222ACB376006C8B8B /* Assets.xcassets */ = {isa = PBXFileReference; lastKnownFileType = folder.assetcatalog; path = Assets.xcassets; sourceTree = "<group>"; };
		59072E9522ACB376006C8B8B /* Base */ = {isa = PBXFileReference; lastKnownFileType = file.storyboard; name = Base; path = Base.lproj/LaunchScreen.storyboard; sourceTree = "<group>"; };
		59072E9722ACB376006C8B8B /* Info.plist */ = {isa = PBXFileReference; lastKnownFileType = text.plist.xml; path = Info.plist; sourceTree = "<group>"; };
		59072E9E22ACB54A006C8B8B /* FantasyClient.swift */ = {isa = PBXFileReference; lastKnownFileType = sourcecode.swift; path = FantasyClient.swift; sourceTree = "<group>"; };
		59072EA022ACB57C006C8B8B /* AdvancedResults.swift */ = {isa = PBXFileReference; lastKnownFileType = sourcecode.swift; path = AdvancedResults.swift; sourceTree = "<group>"; };
		59072EA222ACB631006C8B8B /* AdvancedPlayerResult.swift */ = {isa = PBXFileReference; lastKnownFileType = sourcecode.swift; path = AdvancedPlayerResult.swift; sourceTree = "<group>"; };
		59072EA822ACB991006C8B8B /* DeserializationError.swift */ = {isa = PBXFileReference; lastKnownFileType = sourcecode.swift; path = DeserializationError.swift; sourceTree = "<group>"; };
		59072EAA22ACCDE1006C8B8B /* FantasyClientError.swift */ = {isa = PBXFileReference; lastKnownFileType = sourcecode.swift; path = FantasyClientError.swift; sourceTree = "<group>"; };
		5931944D22ADAFDB008138CB /* Position.swift */ = {isa = PBXFileReference; lastKnownFileType = sourcecode.swift; path = Position.swift; sourceTree = "<group>"; };
		5931944F22ADB6B0008138CB /* AdvancedPlayerStatistics.swift */ = {isa = PBXFileReference; lastKnownFileType = sourcecode.swift; path = AdvancedPlayerStatistics.swift; sourceTree = "<group>"; };
		5931945222ADC7FF008138CB /* FantasyService.swift */ = {isa = PBXFileReference; lastKnownFileType = sourcecode.swift; path = FantasyService.swift; sourceTree = "<group>"; };
		5931945422B0B78B008138CB /* FantasyPlayer.swift */ = {isa = PBXFileReference; lastKnownFileType = sourcecode.swift; path = FantasyPlayer.swift; sourceTree = "<group>"; };
		5931945822B0BE11008138CB /* FantasyServiceDelegate.swift */ = {isa = PBXFileReference; lastKnownFileType = sourcecode.swift; path = FantasyServiceDelegate.swift; sourceTree = "<group>"; };
		5931945B22B0C368008138CB /* PlayerListViewController.swift */ = {isa = PBXFileReference; lastKnownFileType = sourcecode.swift; path = PlayerListViewController.swift; sourceTree = "<group>"; };
		59441DB822B34D2600A3C3C1 /* String+Extensions.swift */ = {isa = PBXFileReference; lastKnownFileType = sourcecode.swift; path = "String+Extensions.swift"; sourceTree = "<group>"; };
		59441DBA22B350C200A3C3C1 /* PlayerDetailViewController.swift */ = {isa = PBXFileReference; lastKnownFileType = sourcecode.swift; path = PlayerDetailViewController.swift; sourceTree = "<group>"; };
/* End PBXFileReference section */

/* Begin PBXFrameworksBuildPhase section */
		59072E8222ACB374006C8B8B /* Frameworks */ = {
			isa = PBXFrameworksBuildPhase;
			buildActionMask = 2147483647;
			files = (
			);
			runOnlyForDeploymentPostprocessing = 0;
		};
/* End PBXFrameworksBuildPhase section */

/* Begin PBXGroup section */
		59072E7C22ACB374006C8B8B = {
			isa = PBXGroup;
			children = (
				59072E8722ACB374006C8B8B /* Counsel */,
				59072E8622ACB374006C8B8B /* Products */,
			);
			sourceTree = "<group>";
		};
		59072E8622ACB374006C8B8B /* Products */ = {
			isa = PBXGroup;
			children = (
				59072E8522ACB374006C8B8B /* Counsel.app */,
			);
			name = Products;
			sourceTree = "<group>";
		};
		59072E8722ACB374006C8B8B /* Counsel */ = {
			isa = PBXGroup;
			children = (
				59441DBC22B3666400A3C3C1 /* Views */,
				5931945A22B0C347008138CB /* ViewControllers */,
				5931945122ADC7F0008138CB /* FantasyService */,
				59072E9D22ACB538006C8B8B /* FantasyClient */,
				59072E8822ACB374006C8B8B /* AppDelegate.swift */,
				59072E8C22ACB374006C8B8B /* Main.storyboard */,
				59072E9222ACB376006C8B8B /* Assets.xcassets */,
				59072E9422ACB376006C8B8B /* LaunchScreen.storyboard */,
				59072E9722ACB376006C8B8B /* Info.plist */,
				59072E8F22ACB374006C8B8B /* Counsel.xcdatamodeld */,
				59441DB822B34D2600A3C3C1 /* String+Extensions.swift */,
			);
			path = Counsel;
			sourceTree = "<group>";
		};
		59072E9D22ACB538006C8B8B /* FantasyClient */ = {
			isa = PBXGroup;
			children = (
				59072E9E22ACB54A006C8B8B /* FantasyClient.swift */,
				59072EAA22ACCDE1006C8B8B /* FantasyClientError.swift */,
				59072EA022ACB57C006C8B8B /* AdvancedResults.swift */,
				59072EA222ACB631006C8B8B /* AdvancedPlayerResult.swift */,
				5931944F22ADB6B0008138CB /* AdvancedPlayerStatistics.swift */,
				5931944D22ADAFDB008138CB /* Position.swift */,
				59072EA822ACB991006C8B8B /* DeserializationError.swift */,
			);
			path = FantasyClient;
			sourceTree = "<group>";
		};
		5931945122ADC7F0008138CB /* FantasyService */ = {
			isa = PBXGroup;
			children = (
				5931945222ADC7FF008138CB /* FantasyService.swift */,
				5931945422B0B78B008138CB /* FantasyPlayer.swift */,
				5931945822B0BE11008138CB /* FantasyServiceDelegate.swift */,
			);
			path = FantasyService;
			sourceTree = "<group>";
		};
		5931945A22B0C347008138CB /* ViewControllers */ = {
			isa = PBXGroup;
			children = (
				5931945B22B0C368008138CB /* PlayerListViewController.swift */,
				59441DBA22B350C200A3C3C1 /* PlayerDetailViewController.swift */,
			);
			path = ViewControllers;
			sourceTree = "<group>";
		};
		59441DBC22B3666400A3C3C1 /* Views */ = {
			isa = PBXGroup;
			children = (
			);
			path = Views;
			sourceTree = "<group>";
		};
/* End PBXGroup section */

/* Begin PBXNativeTarget section */
		59072E8422ACB374006C8B8B /* Counsel */ = {
			isa = PBXNativeTarget;
			buildConfigurationList = 59072E9A22ACB376006C8B8B /* Build configuration list for PBXNativeTarget "Counsel" */;
			buildPhases = (
				59072E8122ACB374006C8B8B /* Sources */,
				59072E8222ACB374006C8B8B /* Frameworks */,
				59072E8322ACB374006C8B8B /* Resources */,
			);
			buildRules = (
			);
			dependencies = (
			);
			name = Counsel;
			productName = Counsel;
			productReference = 59072E8522ACB374006C8B8B /* Counsel.app */;
			productType = "com.apple.product-type.application";
		};
/* End PBXNativeTarget section */

/* Begin PBXProject section */
		59072E7D22ACB374006C8B8B /* Project object */ = {
			isa = PBXProject;
			attributes = {
				LastSwiftUpdateCheck = 1020;
				LastUpgradeCheck = 1020;
				ORGANIZATIONNAME = "Han Hossain";
				TargetAttributes = {
					59072E8422ACB374006C8B8B = {
						CreatedOnToolsVersion = 10.2.1;
					};
				};
			};
			buildConfigurationList = 59072E8022ACB374006C8B8B /* Build configuration list for PBXProject "Counsel" */;
			compatibilityVersion = "Xcode 9.3";
			developmentRegion = en;
			hasScannedForEncodings = 0;
			knownRegions = (
				en,
				Base,
			);
			mainGroup = 59072E7C22ACB374006C8B8B;
			productRefGroup = 59072E8622ACB374006C8B8B /* Products */;
			projectDirPath = "";
			projectRoot = "";
			targets = (
				59072E8422ACB374006C8B8B /* Counsel */,
			);
		};
/* End PBXProject section */

/* Begin PBXResourcesBuildPhase section */
		59072E8322ACB374006C8B8B /* Resources */ = {
			isa = PBXResourcesBuildPhase;
			buildActionMask = 2147483647;
			files = (
				59072E9622ACB376006C8B8B /* LaunchScreen.storyboard in Resources */,
				59072E9322ACB376006C8B8B /* Assets.xcassets in Resources */,
				59072E8E22ACB374006C8B8B /* Main.storyboard in Resources */,
			);
			runOnlyForDeploymentPostprocessing = 0;
		};
/* End PBXResourcesBuildPhase section */

/* Begin PBXSourcesBuildPhase section */
		59072E8122ACB374006C8B8B /* Sources */ = {
			isa = PBXSourcesBuildPhase;
			buildActionMask = 2147483647;
			files = (
				5931945522B0B78B008138CB /* FantasyPlayer.swift in Sources */,
				59072EA122ACB57C006C8B8B /* AdvancedResults.swift in Sources */,
				5931945922B0BE11008138CB /* FantasyServiceDelegate.swift in Sources */,
				59072EAB22ACCDE1006C8B8B /* FantasyClientError.swift in Sources */,
				59072E9122ACB374006C8B8B /* Counsel.xcdatamodeld in Sources */,
				59072EA322ACB631006C8B8B /* AdvancedPlayerResult.swift in Sources */,
				59072E8922ACB374006C8B8B /* AppDelegate.swift in Sources */,
				5931945C22B0C368008138CB /* PlayerListViewController.swift in Sources */,
				59441DBB22B350C200A3C3C1 /* PlayerDetailViewController.swift in Sources */,
				59441DB922B34D2600A3C3C1 /* String+Extensions.swift in Sources */,
				59072E9F22ACB54A006C8B8B /* FantasyClient.swift in Sources */,
				59072EA922ACB991006C8B8B /* DeserializationError.swift in Sources */,
				5931945322ADC7FF008138CB /* FantasyService.swift in Sources */,
				5931944E22ADAFDB008138CB /* Position.swift in Sources */,
				5931945022ADB6B0008138CB /* AdvancedPlayerStatistics.swift in Sources */,
			);
			runOnlyForDeploymentPostprocessing = 0;
		};
/* End PBXSourcesBuildPhase section */

/* Begin PBXVariantGroup section */
		59072E8C22ACB374006C8B8B /* Main.storyboard */ = {
			isa = PBXVariantGroup;
			children = (
				59072E8D22ACB374006C8B8B /* Base */,
			);
			name = Main.storyboard;
			sourceTree = "<group>";
		};
		59072E9422ACB376006C8B8B /* LaunchScreen.storyboard */ = {
			isa = PBXVariantGroup;
			children = (
				59072E9522ACB376006C8B8B /* Base */,
			);
			name = LaunchScreen.storyboard;
			sourceTree = "<group>";
		};
/* End PBXVariantGroup section */

/* Begin XCBuildConfiguration section */
		59072E9822ACB376006C8B8B /* Debug */ = {
			isa = XCBuildConfiguration;
			buildSettings = {
				ALWAYS_SEARCH_USER_PATHS = NO;
				CLANG_ANALYZER_NONNULL = YES;
				CLANG_ANALYZER_NUMBER_OBJECT_CONVERSION = YES_AGGRESSIVE;
				CLANG_CXX_LANGUAGE_STANDARD = "gnu++14";
				CLANG_CXX_LIBRARY = "libc++";
				CLANG_ENABLE_MODULES = YES;
				CLANG_ENABLE_OBJC_ARC = YES;
				CLANG_ENABLE_OBJC_WEAK = YES;
				CLANG_WARN_BLOCK_CAPTURE_AUTORELEASING = YES;
				CLANG_WARN_BOOL_CONVERSION = YES;
				CLANG_WARN_COMMA = YES;
				CLANG_WARN_CONSTANT_CONVERSION = YES;
				CLANG_WARN_DEPRECATED_OBJC_IMPLEMENTATIONS = YES;
				CLANG_WARN_DIRECT_OBJC_ISA_USAGE = YES_ERROR;
				CLANG_WARN_DOCUMENTATION_COMMENTS = YES;
				CLANG_WARN_EMPTY_BODY = YES;
				CLANG_WARN_ENUM_CONVERSION = YES;
				CLANG_WARN_INFINITE_RECURSION = YES;
				CLANG_WARN_INT_CONVERSION = YES;
				CLANG_WARN_NON_LITERAL_NULL_CONVERSION = YES;
				CLANG_WARN_OBJC_IMPLICIT_RETAIN_SELF = YES;
				CLANG_WARN_OBJC_LITERAL_CONVERSION = YES;
				CLANG_WARN_OBJC_ROOT_CLASS = YES_ERROR;
				CLANG_WARN_RANGE_LOOP_ANALYSIS = YES;
				CLANG_WARN_STRICT_PROTOTYPES = YES;
				CLANG_WARN_SUSPICIOUS_MOVE = YES;
				CLANG_WARN_UNGUARDED_AVAILABILITY = YES_AGGRESSIVE;
				CLANG_WARN_UNREACHABLE_CODE = YES;
				CLANG_WARN__DUPLICATE_METHOD_MATCH = YES;
				CODE_SIGN_IDENTITY = "iPhone Developer";
				COPY_PHASE_STRIP = NO;
				DEBUG_INFORMATION_FORMAT = dwarf;
				ENABLE_STRICT_OBJC_MSGSEND = YES;
				ENABLE_TESTABILITY = YES;
				GCC_C_LANGUAGE_STANDARD = gnu11;
				GCC_DYNAMIC_NO_PIC = NO;
				GCC_NO_COMMON_BLOCKS = YES;
				GCC_OPTIMIZATION_LEVEL = 0;
				GCC_PREPROCESSOR_DEFINITIONS = (
					"DEBUG=1",
					"$(inherited)",
				);
				GCC_WARN_64_TO_32_BIT_CONVERSION = YES;
				GCC_WARN_ABOUT_RETURN_TYPE = YES_ERROR;
				GCC_WARN_UNDECLARED_SELECTOR = YES;
				GCC_WARN_UNINITIALIZED_AUTOS = YES_AGGRESSIVE;
				GCC_WARN_UNUSED_FUNCTION = YES;
				GCC_WARN_UNUSED_VARIABLE = YES;
				IPHONEOS_DEPLOYMENT_TARGET = 12.2;
				MTL_ENABLE_DEBUG_INFO = INCLUDE_SOURCE;
				MTL_FAST_MATH = YES;
				ONLY_ACTIVE_ARCH = YES;
				SDKROOT = iphoneos;
				SWIFT_ACTIVE_COMPILATION_CONDITIONS = DEBUG;
				SWIFT_OPTIMIZATION_LEVEL = "-Onone";
			};
			name = Debug;
		};
		59072E9922ACB376006C8B8B /* Release */ = {
			isa = XCBuildConfiguration;
			buildSettings = {
				ALWAYS_SEARCH_USER_PATHS = NO;
				CLANG_ANALYZER_NONNULL = YES;
				CLANG_ANALYZER_NUMBER_OBJECT_CONVERSION = YES_AGGRESSIVE;
				CLANG_CXX_LANGUAGE_STANDARD = "gnu++14";
				CLANG_CXX_LIBRARY = "libc++";
				CLANG_ENABLE_MODULES = YES;
				CLANG_ENABLE_OBJC_ARC = YES;
				CLANG_ENABLE_OBJC_WEAK = YES;
				CLANG_WARN_BLOCK_CAPTURE_AUTORELEASING = YES;
				CLANG_WARN_BOOL_CONVERSION = YES;
				CLANG_WARN_COMMA = YES;
				CLANG_WARN_CONSTANT_CONVERSION = YES;
				CLANG_WARN_DEPRECATED_OBJC_IMPLEMENTATIONS = YES;
				CLANG_WARN_DIRECT_OBJC_ISA_USAGE = YES_ERROR;
				CLANG_WARN_DOCUMENTATION_COMMENTS = YES;
				CLANG_WARN_EMPTY_BODY = YES;
				CLANG_WARN_ENUM_CONVERSION = YES;
				CLANG_WARN_INFINITE_RECURSION = YES;
				CLANG_WARN_INT_CONVERSION = YES;
				CLANG_WARN_NON_LITERAL_NULL_CONVERSION = YES;
				CLANG_WARN_OBJC_IMPLICIT_RETAIN_SELF = YES;
				CLANG_WARN_OBJC_LITERAL_CONVERSION = YES;
				CLANG_WARN_OBJC_ROOT_CLASS = YES_ERROR;
				CLANG_WARN_RANGE_LOOP_ANALYSIS = YES;
				CLANG_WARN_STRICT_PROTOTYPES = YES;
				CLANG_WARN_SUSPICIOUS_MOVE = YES;
				CLANG_WARN_UNGUARDED_AVAILABILITY = YES_AGGRESSIVE;
				CLANG_WARN_UNREACHABLE_CODE = YES;
				CLANG_WARN__DUPLICATE_METHOD_MATCH = YES;
				CODE_SIGN_IDENTITY = "iPhone Developer";
				COPY_PHASE_STRIP = NO;
				DEBUG_INFORMATION_FORMAT = "dwarf-with-dsym";
				ENABLE_NS_ASSERTIONS = NO;
				ENABLE_STRICT_OBJC_MSGSEND = YES;
				GCC_C_LANGUAGE_STANDARD = gnu11;
				GCC_NO_COMMON_BLOCKS = YES;
				GCC_WARN_64_TO_32_BIT_CONVERSION = YES;
				GCC_WARN_ABOUT_RETURN_TYPE = YES_ERROR;
				GCC_WARN_UNDECLARED_SELECTOR = YES;
				GCC_WARN_UNINITIALIZED_AUTOS = YES_AGGRESSIVE;
				GCC_WARN_UNUSED_FUNCTION = YES;
				GCC_WARN_UNUSED_VARIABLE = YES;
				IPHONEOS_DEPLOYMENT_TARGET = 12.2;
				MTL_ENABLE_DEBUG_INFO = NO;
				MTL_FAST_MATH = YES;
				SDKROOT = iphoneos;
				SWIFT_COMPILATION_MODE = wholemodule;
				SWIFT_OPTIMIZATION_LEVEL = "-O";
				VALIDATE_PRODUCT = YES;
			};
			name = Release;
		};
		59072E9B22ACB376006C8B8B /* Debug */ = {
			isa = XCBuildConfiguration;
			buildSettings = {
				ASSETCATALOG_COMPILER_APPICON_NAME = AppIcon;
				CODE_SIGN_STYLE = Automatic;
				DEVELOPMENT_TEAM = THTNVR7GYP;
				INFOPLIST_FILE = Counsel/Info.plist;
				LD_RUNPATH_SEARCH_PATHS = (
					"$(inherited)",
					"@executable_path/Frameworks",
				);
				PRODUCT_BUNDLE_IDENTIFIER = com.hanhossain.Counsel;
				PRODUCT_NAME = "$(TARGET_NAME)";
				SWIFT_VERSION = 5.0;
				TARGETED_DEVICE_FAMILY = "1,2";
			};
			name = Debug;
		};
		59072E9C22ACB376006C8B8B /* Release */ = {
			isa = XCBuildConfiguration;
			buildSettings = {
				ASSETCATALOG_COMPILER_APPICON_NAME = AppIcon;
				CODE_SIGN_STYLE = Automatic;
				DEVELOPMENT_TEAM = THTNVR7GYP;
				INFOPLIST_FILE = Counsel/Info.plist;
				LD_RUNPATH_SEARCH_PATHS = (
					"$(inherited)",
					"@executable_path/Frameworks",
				);
				PRODUCT_BUNDLE_IDENTIFIER = com.hanhossain.Counsel;
				PRODUCT_NAME = "$(TARGET_NAME)";
				SWIFT_VERSION = 5.0;
				TARGETED_DEVICE_FAMILY = "1,2";
			};
			name = Release;
		};
/* End XCBuildConfiguration section */

/* Begin XCConfigurationList section */
		59072E8022ACB374006C8B8B /* Build configuration list for PBXProject "Counsel" */ = {
			isa = XCConfigurationList;
			buildConfigurations = (
				59072E9822ACB376006C8B8B /* Debug */,
				59072E9922ACB376006C8B8B /* Release */,
			);
			defaultConfigurationIsVisible = 0;
			defaultConfigurationName = Release;
		};
		59072E9A22ACB376006C8B8B /* Build configuration list for PBXNativeTarget "Counsel" */ = {
			isa = XCConfigurationList;
			buildConfigurations = (
				59072E9B22ACB376006C8B8B /* Debug */,
				59072E9C22ACB376006C8B8B /* Release */,
			);
			defaultConfigurationIsVisible = 0;
			defaultConfigurationName = Release;
		};
/* End XCConfigurationList section */

/* Begin XCVersionGroup section */
		59072E8F22ACB374006C8B8B /* Counsel.xcdatamodeld */ = {
			isa = XCVersionGroup;
			children = (
				59072E9022ACB374006C8B8B /* Counsel.xcdatamodel */,
			);
			currentVersion = 59072E9022ACB374006C8B8B /* Counsel.xcdatamodel */;
			path = Counsel.xcdatamodeld;
			sourceTree = "<group>";
			versionGroupType = wrapper.xcdatamodel;
		};
/* End XCVersionGroup section */
	};
	rootObject = 59072E7D22ACB374006C8B8B /* Project object */;
}
