
Microsoft Visual Studio Solution File, Format Version 12.00
# Visual Studio 15
Project("{FAE04EC0-301F-11D3-BF4B-00C04F79EFBC}") = "Counsel.Core", "Counsel.Core\Counsel.Core.csproj", "{2FBE9BA3-AC13-488F-B0D1-691108F80DC4}"
EndProject
Project("{FAE04EC0-301F-11D3-BF4B-00C04F79EFBC}") = "Counsel.iOS", "Counsel.iOS\Counsel.iOS.csproj", "{39D01B60-48EC-49F9-9EA6-2AD16ACDC256}"
EndProject
Global
	GlobalSection(SolutionConfigurationPlatforms) = preSolution
		Debug|Any CPU = Debug|Any CPU
		Release|Any CPU = Release|Any CPU
		Debug|iPhoneSimulator = Debug|iPhoneSimulator
		Release|iPhoneSimulator = Release|iPhoneSimulator
		Debug|iPhone = Debug|iPhone
		Release|iPhone = Release|iPhone
	EndGlobalSection
	GlobalSection(ProjectConfigurationPlatforms) = postSolution
		{2FBE9BA3-AC13-488F-B0D1-691108F80DC4}.Debug|Any CPU.ActiveCfg = Debug|Any CPU
		{2FBE9BA3-AC13-488F-B0D1-691108F80DC4}.Debug|Any CPU.Build.0 = Debug|Any CPU
		{2FBE9BA3-AC13-488F-B0D1-691108F80DC4}.Release|Any CPU.ActiveCfg = Release|Any CPU
		{2FBE9BA3-AC13-488F-B0D1-691108F80DC4}.Release|Any CPU.Build.0 = Release|Any CPU
		{2FBE9BA3-AC13-488F-B0D1-691108F80DC4}.Debug|iPhoneSimulator.ActiveCfg = Debug|Any CPU
		{2FBE9BA3-AC13-488F-B0D1-691108F80DC4}.Debug|iPhoneSimulator.Build.0 = Debug|Any CPU
		{2FBE9BA3-AC13-488F-B0D1-691108F80DC4}.Release|iPhoneSimulator.ActiveCfg = Release|Any CPU
		{2FBE9BA3-AC13-488F-B0D1-691108F80DC4}.Release|iPhoneSimulator.Build.0 = Release|Any CPU
		{2FBE9BA3-AC13-488F-B0D1-691108F80DC4}.Debug|iPhone.ActiveCfg = Debug|Any CPU
		{2FBE9BA3-AC13-488F-B0D1-691108F80DC4}.Debug|iPhone.Build.0 = Debug|Any CPU
		{2FBE9BA3-AC13-488F-B0D1-691108F80DC4}.Release|iPhone.ActiveCfg = Release|Any CPU
		{2FBE9BA3-AC13-488F-B0D1-691108F80DC4}.Release|iPhone.Build.0 = Release|Any CPU
		{39D01B60-48EC-49F9-9EA6-2AD16ACDC256}.Debug|Any CPU.ActiveCfg = Debug|iPhoneSimulator
		{39D01B60-48EC-49F9-9EA6-2AD16ACDC256}.Debug|Any CPU.Build.0 = Debug|iPhoneSimulator
		{39D01B60-48EC-49F9-9EA6-2AD16ACDC256}.Release|Any CPU.ActiveCfg = Release|iPhoneSimulator
		{39D01B60-48EC-49F9-9EA6-2AD16ACDC256}.Release|Any CPU.Build.0 = Release|iPhoneSimulator
		{39D01B60-48EC-49F9-9EA6-2AD16ACDC256}.Debug|iPhoneSimulator.ActiveCfg = Debug|iPhoneSimulator
		{39D01B60-48EC-49F9-9EA6-2AD16ACDC256}.Debug|iPhoneSimulator.Build.0 = Debug|iPhoneSimulator
		{39D01B60-48EC-49F9-9EA6-2AD16ACDC256}.Release|iPhoneSimulator.ActiveCfg = Release|iPhoneSimulator
		{39D01B60-48EC-49F9-9EA6-2AD16ACDC256}.Release|iPhoneSimulator.Build.0 = Release|iPhoneSimulator
		{39D01B60-48EC-49F9-9EA6-2AD16ACDC256}.Debug|iPhone.ActiveCfg = Debug|iPhone
		{39D01B60-48EC-49F9-9EA6-2AD16ACDC256}.Debug|iPhone.Build.0 = Debug|iPhone
		{39D01B60-48EC-49F9-9EA6-2AD16ACDC256}.Release|iPhone.ActiveCfg = Release|iPhone
		{39D01B60-48EC-49F9-9EA6-2AD16ACDC256}.Release|iPhone.Build.0 = Release|iPhone
	EndGlobalSection
EndGlobal
