
Microsoft Visual Studio Solution File, Format Version 12.00
# Visual Studio 15
Project("{FAE04EC0-301F-11D3-BF4B-00C04F79EFBC}") = "Counsel.iOS", "Counsel.iOS\Counsel.iOS.csproj", "{072F2ED3-2EEB-41D7-903B-5B8D3C90AEEF}"
EndProject
Project("{FAE04EC0-301F-11D3-BF4B-00C04F79EFBC}") = "Counsel.FantasyClient", "Counsel.FantasyClient\Counsel.FantasyClient.csproj", "{C14544D0-49A1-47DC-942F-1ED56F5D681B}"
EndProject
Global
	GlobalSection(SolutionConfigurationPlatforms) = preSolution
		Debug|iPhoneSimulator = Debug|iPhoneSimulator
		Release|iPhoneSimulator = Release|iPhoneSimulator
		Debug|iPhone = Debug|iPhone
		Release|iPhone = Release|iPhone
	EndGlobalSection
	GlobalSection(ProjectConfigurationPlatforms) = postSolution
		{072F2ED3-2EEB-41D7-903B-5B8D3C90AEEF}.Debug|iPhoneSimulator.ActiveCfg = Debug|iPhoneSimulator
		{072F2ED3-2EEB-41D7-903B-5B8D3C90AEEF}.Debug|iPhoneSimulator.Build.0 = Debug|iPhoneSimulator
		{072F2ED3-2EEB-41D7-903B-5B8D3C90AEEF}.Release|iPhoneSimulator.ActiveCfg = Release|iPhoneSimulator
		{072F2ED3-2EEB-41D7-903B-5B8D3C90AEEF}.Release|iPhoneSimulator.Build.0 = Release|iPhoneSimulator
		{072F2ED3-2EEB-41D7-903B-5B8D3C90AEEF}.Debug|iPhone.ActiveCfg = Debug|iPhone
		{072F2ED3-2EEB-41D7-903B-5B8D3C90AEEF}.Debug|iPhone.Build.0 = Debug|iPhone
		{072F2ED3-2EEB-41D7-903B-5B8D3C90AEEF}.Release|iPhone.ActiveCfg = Release|iPhone
		{072F2ED3-2EEB-41D7-903B-5B8D3C90AEEF}.Release|iPhone.Build.0 = Release|iPhone
		{C14544D0-49A1-47DC-942F-1ED56F5D681B}.Debug|iPhoneSimulator.ActiveCfg = Debug|Any CPU
		{C14544D0-49A1-47DC-942F-1ED56F5D681B}.Debug|iPhoneSimulator.Build.0 = Debug|Any CPU
		{C14544D0-49A1-47DC-942F-1ED56F5D681B}.Release|iPhoneSimulator.ActiveCfg = Release|Any CPU
		{C14544D0-49A1-47DC-942F-1ED56F5D681B}.Release|iPhoneSimulator.Build.0 = Release|Any CPU
		{C14544D0-49A1-47DC-942F-1ED56F5D681B}.Debug|iPhone.ActiveCfg = Debug|Any CPU
		{C14544D0-49A1-47DC-942F-1ED56F5D681B}.Debug|iPhone.Build.0 = Debug|Any CPU
		{C14544D0-49A1-47DC-942F-1ED56F5D681B}.Release|iPhone.ActiveCfg = Release|Any CPU
		{C14544D0-49A1-47DC-942F-1ED56F5D681B}.Release|iPhone.Build.0 = Release|Any CPU
	EndGlobalSection
EndGlobal
